
Microsoft Visual Studio Solution File, Format Version 12.00
# Visual Studio Version 17
VisualStudioVersion = 17.0.31903.59
MinimumVisualStudioVersion = 10.0.40219.1
Project("{FAE04EC0-301F-11D3-BF4B-00C04F79EFBC}") = "FinanceTracker", "FinanceTracker\FinanceTracker.csproj", "{8B65312E-68E0-4206-A8B1-88B01A76EE5D}"
EndProject
Global
	GlobalSection(SolutionConfigurationPlatforms) = preSolution
		Debug|Any CPU = Debug|Any CPU
		Release|Any CPU = Release|Any CPU
	EndGlobalSection
	GlobalSection(SolutionProperties) = preSolution
		HideSolutionNode = FALSE
	EndGlobalSection
	GlobalSection(ProjectConfigurationPlatforms) = postSolution
		{8B65312E-68E0-4206-A8B1-88B01A76EE5D}.Debug|Any CPU.ActiveCfg = Debug|Any CPU
		{8B65312E-68E0-4206-A8B1-88B01A76EE5D}.Debug|Any CPU.Build.0 = Debug|Any CPU
		{8B65312E-68E0-4206-A8B1-88B01A76EE5D}.Release|Any CPU.ActiveCfg = Release|Any CPU
		{8B65312E-68E0-4206-A8B1-88B01A76EE5D}.Release|Any CPU.Build.0 = Release|Any CPU
	EndGlobalSection
EndGlobal
